
Microsoft Visual Studio Solution File, Format Version 12.00
# Visual Studio 2012
Project("{FAE04EC0-301F-11D3-BF4B-00C04F79EFBC}") = "DigExp", "WindowsFormsApplication1\DigExp.csproj", "{8C53502E-5C64-4016-A56C-D54B7DDDAAF7}"
EndProject
Project("{FAE04EC0-301F-11D3-BF4B-00C04F79EFBC}") = "DAL", "DAL\DAL.csproj", "{A1B6B3A2-9452-47BA-86E9-61310303E1AB}"
EndProject
Project("{FAE04EC0-301F-11D3-BF4B-00C04F79EFBC}") = "BLL", "BLL\BLL.csproj", "{A2209467-3320-41CD-BEC6-365859F866C4}"
EndProject
Project("{FAE04EC0-301F-11D3-BF4B-00C04F79EFBC}") = "Entidades", "Entidades\Entidades.csproj", "{B355BF23-4C9B-4D0C-B777-31AE4A711AE9}"
EndProject
Global
	GlobalSection(SolutionConfigurationPlatforms) = preSolution
		Debug|Any CPU = Debug|Any CPU
		Release|Any CPU = Release|Any CPU
	EndGlobalSection
	GlobalSection(ProjectConfigurationPlatforms) = postSolution
		{8C53502E-5C64-4016-A56C-D54B7DDDAAF7}.Debug|Any CPU.ActiveCfg = Debug|Any CPU
		{8C53502E-5C64-4016-A56C-D54B7DDDAAF7}.Debug|Any CPU.Build.0 = Debug|Any CPU
		{8C53502E-5C64-4016-A56C-D54B7DDDAAF7}.Release|Any CPU.ActiveCfg = Release|Any CPU
		{8C53502E-5C64-4016-A56C-D54B7DDDAAF7}.Release|Any CPU.Build.0 = Release|Any CPU
		{A1B6B3A2-9452-47BA-86E9-61310303E1AB}.Debug|Any CPU.ActiveCfg = Debug|Any CPU
		{A1B6B3A2-9452-47BA-86E9-61310303E1AB}.Debug|Any CPU.Build.0 = Debug|Any CPU
		{A1B6B3A2-9452-47BA-86E9-61310303E1AB}.Release|Any CPU.ActiveCfg = Release|Any CPU
		{A1B6B3A2-9452-47BA-86E9-61310303E1AB}.Release|Any CPU.Build.0 = Release|Any CPU
		{A2209467-3320-41CD-BEC6-365859F866C4}.Debug|Any CPU.ActiveCfg = Debug|Any CPU
		{A2209467-3320-41CD-BEC6-365859F866C4}.Debug|Any CPU.Build.0 = Debug|Any CPU
		{A2209467-3320-41CD-BEC6-365859F866C4}.Release|Any CPU.ActiveCfg = Release|Any CPU
		{A2209467-3320-41CD-BEC6-365859F866C4}.Release|Any CPU.Build.0 = Release|Any CPU
		{B355BF23-4C9B-4D0C-B777-31AE4A711AE9}.Debug|Any CPU.ActiveCfg = Debug|Any CPU
		{B355BF23-4C9B-4D0C-B777-31AE4A711AE9}.Debug|Any CPU.Build.0 = Debug|Any CPU
		{B355BF23-4C9B-4D0C-B777-31AE4A711AE9}.Release|Any CPU.ActiveCfg = Release|Any CPU
		{B355BF23-4C9B-4D0C-B777-31AE4A711AE9}.Release|Any CPU.Build.0 = Release|Any CPU
	EndGlobalSection
	GlobalSection(SolutionProperties) = preSolution
		HideSolutionNode = FALSE
	EndGlobalSection
EndGlobal
